dependencies:
- name: postgresql
  repository: https://kubernetes-charts.storage.googleapis.com
  version: 0.8.3
- name: postgresql
  repository: https://kubernetes-charts.storage.googleapis.com
  version: 0.8.3
digest: sha256:6ab78c0f011b833b1328a5d917c1761b12b17e662c405456f1dad869c1048a9c
generated: 2018-03-26T15:50:14.210943461+08:00
